
Microsoft Visual Studio Solution File, Format Version 12.00
# Visual Studio Version 17
VisualStudioVersion = 17.0.31903.59
MinimumVisualStudioVersion = 10.0.40219.1
Project("{FAE04EC0-301F-11D3-BF4B-00C04F79EFBC}") = "l2l.WebUI", "l2l.WebUI\l2l.WebUI.csproj", "{3BF47447-839E-446B-9EE7-A8D65F54D3DB}"
EndProject
Project("{FAE04EC0-301F-11D3-BF4B-00C04F79EFBC}") = "l2l.Data", "l2l.Data\l2l.Data.csproj", "{307F82AF-CBD3-4A78-94D8-01C7B6ECED86}"
EndProject
Global
	GlobalSection(SolutionConfigurationPlatforms) = preSolution
		Debug|Any CPU = Debug|Any CPU
		Release|Any CPU = Release|Any CPU
	EndGlobalSection
	GlobalSection(ProjectConfigurationPlatforms) = postSolution
		{3BF47447-839E-446B-9EE7-A8D65F54D3DB}.Debug|Any CPU.ActiveCfg = Debug|Any CPU
		{3BF47447-839E-446B-9EE7-A8D65F54D3DB}.Debug|Any CPU.Build.0 = Debug|Any CPU
		{3BF47447-839E-446B-9EE7-A8D65F54D3DB}.Release|Any CPU.ActiveCfg = Release|Any CPU
		{3BF47447-839E-446B-9EE7-A8D65F54D3DB}.Release|Any CPU.Build.0 = Release|Any CPU
		{307F82AF-CBD3-4A78-94D8-01C7B6ECED86}.Debug|Any CPU.ActiveCfg = Debug|Any CPU
		{307F82AF-CBD3-4A78-94D8-01C7B6ECED86}.Debug|Any CPU.Build.0 = Debug|Any CPU
		{307F82AF-CBD3-4A78-94D8-01C7B6ECED86}.Release|Any CPU.ActiveCfg = Release|Any CPU
		{307F82AF-CBD3-4A78-94D8-01C7B6ECED86}.Release|Any CPU.Build.0 = Release|Any CPU
	EndGlobalSection
	GlobalSection(SolutionProperties) = preSolution
		HideSolutionNode = FALSE
	EndGlobalSection
EndGlobal
